{
  "name": "native-lock-probe",
  "lockfileVersion": 3,
  "requires": true,
  "packages": {
    "": {
      "dependencies": {
        "fs-native-extensions": "1.5.1"
      }
    },
    "node_modules/bare-addon-resolve": {
      "version": "1.11.0",
      "resolved": "https://registry.npmjs.org/bare-addon-resolve/-/bare-addon-resolve-1.11.0.tgz",
      "integrity": "sha512-bTUBSqBjzQQzo2/iIk6KxAClZfahy38EPsJV2bPJ+p2+kS8h+hT5TE5QggpkFUrCnLL4HDTA4DDM+YiNdyol0w==",
      "license": "Apache-2.0",
      "dependencies": {
        "bare-module-resolve": "^1.10.0",
        "bare-semver": "^1.0.0"
      },
      "peerDependencies": {
        "bare-url": "*"
      },
      "peerDependenciesMeta": {
        "bare-url": {
          "optional": true
        }
      }
    },
    "node_modules/bare-module-resolve": {
      "version": "1.12.6",
      "resolved": "https://registry.npmjs.org/bare-module-resolve/-/bare-module-resolve-1.12.6.tgz",
      "integrity": "sha512-tsoOqHmtF6VmNX4LYDBZwvQVkSmEagnbykNjK31LMxz/amyKfjCs4K976n7uJd1bvWfxbpLQ3Fy7qq8an6jR6Q==",
      "license": "Apache-2.0",
      "dependencies": {
        "bare-semver": "^1.0.0"
      },
      "peerDependencies": {
        "bare-url": "*"
      },
      "peerDependenciesMeta": {
        "bare-url": {
          "optional": true
        }
      }
    },
    "node_modules/bare-semver": {
      "version": "1.1.0",
      "resolved": "https://registry.npmjs.org/bare-semver/-/bare-semver-1.1.0.tgz",
      "integrity": "sha512-1Hw5qJ7hXdVt3uPUqjeFTuxyvBUJauvz5A1I2jk8gzjZMHp04n//6nV9MDbG9CMw78JHY2lGV0w6s//LrASm2w==",
      "license": "Apache-2.0"
    },
    "node_modules/fs-native-extensions": {
      "version": "1.5.1",
      "resolved": "https://registry.npmjs.org/fs-native-extensions/-/fs-native-extensions-1.5.1.tgz",
      "integrity": "sha512-abjiHKkYdcH5M9ikBEJb0MKb/fEpPtZx/yfLHzTptvUAoiFayX0tIe0BTLBU4SAoRyjZLzA0dP1Rn2p0+QRyVg==",
      "license": "Apache-2.0",
      "dependencies": {
        "require-addon": "^1.1.0",
        "which-runtime": "^1.2.0"
      }
    },
    "node_modules/require-addon": {
      "version": "1.3.0",
      "resolved": "https://registry.npmjs.org/require-addon/-/require-addon-1.3.0.tgz",
      "integrity": "sha512-j8pifaPNZI7ShKY3ihXZwF0qaEjua8zmlqPvDil0a8SBnyRvjCbAiEQuzO0UcoXH1sqU5U/ilXSjYd1W5NYwAA==",
      "license": "Apache-2.0",
      "dependencies": {
        "bare-addon-resolve": "^1.3.0"
      },
      "engines": {
        "bare": ">=1.10.0"
      }
    },
    "node_modules/which-runtime": {
      "version": "1.4.0",
      "resolved": "https://registry.npmjs.org/which-runtime/-/which-runtime-1.4.0.tgz",
      "integrity": "sha512-0ugbP4CJW4e2D20jvEcC4973dCgIaHI4Rw1PT+26U9zEve7FyYdWAIwUnoeOYvoCfn+wXHoHTKb1KhkYlb60Pw==",
      "license": "Apache-2.0"
    }
  }
}
